
Microsoft Visual Studio Solution File, Format Version 12.00
# Visual Studio Version 16
VisualStudioVersion = 16.0.29201.188
MinimumVisualStudioVersion = 10.0.40219.1
Project("{FAE04EC0-301F-11D3-BF4B-00C04F79EFBC}") = "Drill22", "Drill22\Drill22.csproj", "{48079EF6-6B9F-4796-8809-0219E214337C}"
EndProject
Global
	GlobalSection(SolutionConfigurationPlatforms) = preSolution
		Debug|Any CPU = Debug|Any CPU
		Release|Any CPU = Release|Any CPU
	EndGlobalSection
	GlobalSection(ProjectConfigurationPlatforms) = postSolution
		{48079EF6-6B9F-4796-8809-0219E214337C}.Debug|Any CPU.ActiveCfg = Debug|Any CPU
		{48079EF6-6B9F-4796-8809-0219E214337C}.Debug|Any CPU.Build.0 = Debug|Any CPU
		{48079EF6-6B9F-4796-8809-0219E214337C}.Release|Any CPU.ActiveCfg = Release|Any CPU
		{48079EF6-6B9F-4796-8809-0219E214337C}.Release|Any CPU.Build.0 = Release|Any CPU
	EndGlobalSection
	GlobalSection(SolutionProperties) = preSolution
		HideSolutionNode = FALSE
	EndGlobalSection
	GlobalSection(ExtensibilityGlobals) = postSolution
		SolutionGuid = {871C8C65-B8DE-4678-A445-7BCFBFD43E3F}
	EndGlobalSection
EndGlobal
