
Microsoft Visual Studio Solution File, Format Version 12.00
# Visual Studio Version 16
VisualStudioVersion = 16.0.29201.188
MinimumVisualStudioVersion = 10.0.40219.1
Project("{FAE04EC0-301F-11D3-BF4B-00C04F79EFBC}") = "Drill18", "Drill18\Drill18.csproj", "{DCB46263-5796-4BA9-B7BB-FB0A15F57239}"
EndProject
Global
	GlobalSection(SolutionConfigurationPlatforms) = preSolution
		Debug|Any CPU = Debug|Any CPU
		Release|Any CPU = Release|Any CPU
	EndGlobalSection
	GlobalSection(ProjectConfigurationPlatforms) = postSolution
		{DCB46263-5796-4BA9-B7BB-FB0A15F57239}.Debug|Any CPU.ActiveCfg = Debug|Any CPU
		{DCB46263-5796-4BA9-B7BB-FB0A15F57239}.Debug|Any CPU.Build.0 = Debug|Any CPU
		{DCB46263-5796-4BA9-B7BB-FB0A15F57239}.Release|Any CPU.ActiveCfg = Release|Any CPU
		{DCB46263-5796-4BA9-B7BB-FB0A15F57239}.Release|Any CPU.Build.0 = Release|Any CPU
	EndGlobalSection
	GlobalSection(SolutionProperties) = preSolution
		HideSolutionNode = FALSE
	EndGlobalSection
	GlobalSection(ExtensibilityGlobals) = postSolution
		SolutionGuid = {D3CCFCD6-6D69-42DB-801C-E42AF4E97F0F}
	EndGlobalSection
EndGlobal
