
Microsoft Visual Studio Solution File, Format Version 12.00
# Visual Studio Version 16
VisualStudioVersion = 16.0.29201.188
MinimumVisualStudioVersion = 10.0.40219.1
Project("{FAE04EC0-301F-11D3-BF4B-00C04F79EFBC}") = "Drill23", "Drill23\Drill23.csproj", "{BDD36AEC-1F72-4490-9B5F-9A82193C4417}"
EndProject
Global
	GlobalSection(SolutionConfigurationPlatforms) = preSolution
		Debug|Any CPU = Debug|Any CPU
		Release|Any CPU = Release|Any CPU
	EndGlobalSection
	GlobalSection(ProjectConfigurationPlatforms) = postSolution
		{BDD36AEC-1F72-4490-9B5F-9A82193C4417}.Debug|Any CPU.ActiveCfg = Debug|Any CPU
		{BDD36AEC-1F72-4490-9B5F-9A82193C4417}.Debug|Any CPU.Build.0 = Debug|Any CPU
		{BDD36AEC-1F72-4490-9B5F-9A82193C4417}.Release|Any CPU.ActiveCfg = Release|Any CPU
		{BDD36AEC-1F72-4490-9B5F-9A82193C4417}.Release|Any CPU.Build.0 = Release|Any CPU
	EndGlobalSection
	GlobalSection(SolutionProperties) = preSolution
		HideSolutionNode = FALSE
	EndGlobalSection
	GlobalSection(ExtensibilityGlobals) = postSolution
		SolutionGuid = {AB2D21DB-2AAD-45FC-B012-728BC9948F5E}
	EndGlobalSection
EndGlobal
