
Microsoft Visual Studio Solution File, Format Version 12.00
# Visual Studio Version 16
VisualStudioVersion = 16.0.29201.188
MinimumVisualStudioVersion = 10.0.40219.1
Project("{FAE04EC0-301F-11D3-BF4B-00C04F79EFBC}") = "Drill15", "Drill15\Drill15.csproj", "{FFDF2A76-D471-4F62-9DC9-9790A0BF1D51}"
EndProject
Global
	GlobalSection(SolutionConfigurationPlatforms) = preSolution
		Debug|Any CPU = Debug|Any CPU
		Release|Any CPU = Release|Any CPU
	EndGlobalSection
	GlobalSection(ProjectConfigurationPlatforms) = postSolution
		{FFDF2A76-D471-4F62-9DC9-9790A0BF1D51}.Debug|Any CPU.ActiveCfg = Debug|Any CPU
		{FFDF2A76-D471-4F62-9DC9-9790A0BF1D51}.Debug|Any CPU.Build.0 = Debug|Any CPU
		{FFDF2A76-D471-4F62-9DC9-9790A0BF1D51}.Release|Any CPU.ActiveCfg = Release|Any CPU
		{FFDF2A76-D471-4F62-9DC9-9790A0BF1D51}.Release|Any CPU.Build.0 = Release|Any CPU
	EndGlobalSection
	GlobalSection(SolutionProperties) = preSolution
		HideSolutionNode = FALSE
	EndGlobalSection
	GlobalSection(ExtensibilityGlobals) = postSolution
		SolutionGuid = {6F77A066-7FDA-4EC5-B2B7-614AB66FD20E}
	EndGlobalSection
EndGlobal
