
Microsoft Visual Studio Solution File, Format Version 12.00
# Visual Studio Version 16
VisualStudioVersion = 16.0.29201.188
MinimumVisualStudioVersion = 10.0.40219.1
Project("{FAE04EC0-301F-11D3-BF4B-00C04F79EFBC}") = "Drill2", "Drill2\Drill2.csproj", "{D19C3057-71E8-4548-8A2A-BEC119E3CB03}"
EndProject
Global
	GlobalSection(SolutionConfigurationPlatforms) = preSolution
		Debug|Any CPU = Debug|Any CPU
		Release|Any CPU = Release|Any CPU
	EndGlobalSection
	GlobalSection(ProjectConfigurationPlatforms) = postSolution
		{D19C3057-71E8-4548-8A2A-BEC119E3CB03}.Debug|Any CPU.ActiveCfg = Debug|Any CPU
		{D19C3057-71E8-4548-8A2A-BEC119E3CB03}.Debug|Any CPU.Build.0 = Debug|Any CPU
		{D19C3057-71E8-4548-8A2A-BEC119E3CB03}.Release|Any CPU.ActiveCfg = Release|Any CPU
		{D19C3057-71E8-4548-8A2A-BEC119E3CB03}.Release|Any CPU.Build.0 = Release|Any CPU
	EndGlobalSection
	GlobalSection(SolutionProperties) = preSolution
		HideSolutionNode = FALSE
	EndGlobalSection
	GlobalSection(ExtensibilityGlobals) = postSolution
		SolutionGuid = {E2543281-9518-44D4-BA1C-52A2696CF650}
	EndGlobalSection
EndGlobal
