
Microsoft Visual Studio Solution File, Format Version 12.00
# Visual Studio Version 16
VisualStudioVersion = 16.0.29201.188
MinimumVisualStudioVersion = 10.0.40219.1
Project("{FAE04EC0-301F-11D3-BF4B-00C04F79EFBC}") = "Drill20", "Drill20\Drill20.csproj", "{8A7A479A-73BB-4F55-8B17-9E8670997EC5}"
EndProject
Global
	GlobalSection(SolutionConfigurationPlatforms) = preSolution
		Debug|Any CPU = Debug|Any CPU
		Release|Any CPU = Release|Any CPU
	EndGlobalSection
	GlobalSection(ProjectConfigurationPlatforms) = postSolution
		{8A7A479A-73BB-4F55-8B17-9E8670997EC5}.Debug|Any CPU.ActiveCfg = Debug|Any CPU
		{8A7A479A-73BB-4F55-8B17-9E8670997EC5}.Debug|Any CPU.Build.0 = Debug|Any CPU
		{8A7A479A-73BB-4F55-8B17-9E8670997EC5}.Release|Any CPU.ActiveCfg = Release|Any CPU
		{8A7A479A-73BB-4F55-8B17-9E8670997EC5}.Release|Any CPU.Build.0 = Release|Any CPU
	EndGlobalSection
	GlobalSection(SolutionProperties) = preSolution
		HideSolutionNode = FALSE
	EndGlobalSection
	GlobalSection(ExtensibilityGlobals) = postSolution
		SolutionGuid = {4A950375-521A-474B-B793-E8B5EE657CA0}
	EndGlobalSection
EndGlobal
