
Microsoft Visual Studio Solution File, Format Version 12.00
# Visual Studio Version 16
VisualStudioVersion = 16.0.29201.188
MinimumVisualStudioVersion = 10.0.40219.1
Project("{FAE04EC0-301F-11D3-BF4B-00C04F79EFBC}") = "Drill17", "Drill17\Drill17.csproj", "{43AD82D4-15FE-488A-BDAD-F46288B4048A}"
EndProject
Global
	GlobalSection(SolutionConfigurationPlatforms) = preSolution
		Debug|Any CPU = Debug|Any CPU
		Release|Any CPU = Release|Any CPU
	EndGlobalSection
	GlobalSection(ProjectConfigurationPlatforms) = postSolution
		{43AD82D4-15FE-488A-BDAD-F46288B4048A}.Debug|Any CPU.ActiveCfg = Debug|Any CPU
		{43AD82D4-15FE-488A-BDAD-F46288B4048A}.Debug|Any CPU.Build.0 = Debug|Any CPU
		{43AD82D4-15FE-488A-BDAD-F46288B4048A}.Release|Any CPU.ActiveCfg = Release|Any CPU
		{43AD82D4-15FE-488A-BDAD-F46288B4048A}.Release|Any CPU.Build.0 = Release|Any CPU
	EndGlobalSection
	GlobalSection(SolutionProperties) = preSolution
		HideSolutionNode = FALSE
	EndGlobalSection
	GlobalSection(ExtensibilityGlobals) = postSolution
		SolutionGuid = {DAEB9486-3BC9-43DC-BE26-D48EF1A91EC1}
	EndGlobalSection
EndGlobal
